
Microsoft Visual Studio Solution File, Format Version 12.00
# Visual Studio Version 17
VisualStudioVersion = 17.9.34616.47
MinimumVisualStudioVersion = 10.0.40219.1
Project("{8BC9CEB8-8B4A-11D0-8D11-00A0C91BC942}") = "PertemuanKetiga", "PertemuanKetiga\PertemuanKetiga.vcxproj", "{16E2329B-A860-4E4A-AB6F-03DEB159388C}"
EndProject
Project("{8BC9CEB8-8B4A-11D0-8D11-00A0C91BC942}") = "PertemuanKetiga1", "PertemuanKetiga1\PertemuanKetiga1.vcxproj", "{32C8FCD0-EF75-467B-947B-0C815E329129}"
EndProject
Project("{8BC9CEB8-8B4A-11D0-8D11-00A0C91BC942}") = "PertemuanKetiga2", "PertemuanKetiga2\PertemuanKetiga2.vcxproj", "{DCC8FD4C-4CFB-49FF-A7E5-51A56759E6A7}"
EndProject
Project("{8BC9CEB8-8B4A-11D0-8D11-00A0C91BC942}") = "PertemuanKetiga3", "PertemuanKetiga3\PertemuanKetiga3.vcxproj", "{23456570-4627-4075-A2E9-E256182003B4}"
EndProject
Global
	GlobalSection(SolutionConfigurationPlatforms) = preSolution
		Debug|x64 = Debug|x64
		Debug|x86 = Debug|x86
		Release|x64 = Release|x64
		Release|x86 = Release|x86
	EndGlobalSection
	GlobalSection(ProjectConfigurationPlatforms) = postSolution
		{16E2329B-A860-4E4A-AB6F-03DEB159388C}.Debug|x64.ActiveCfg = Debug|x64
		{16E2329B-A860-4E4A-AB6F-03DEB159388C}.Debug|x64.Build.0 = Debug|x64
		{16E2329B-A860-4E4A-AB6F-03DEB159388C}.Debug|x86.ActiveCfg = Debug|Win32
		{16E2329B-A860-4E4A-AB6F-03DEB159388C}.Debug|x86.Build.0 = Debug|Win32
		{16E2329B-A860-4E4A-AB6F-03DEB159388C}.Release|x64.ActiveCfg = Release|x64
		{16E2329B-A860-4E4A-AB6F-03DEB159388C}.Release|x64.Build.0 = Release|x64
		{16E2329B-A860-4E4A-AB6F-03DEB159388C}.Release|x86.ActiveCfg = Release|Win32
		{16E2329B-A860-4E4A-AB6F-03DEB159388C}.Release|x86.Build.0 = Release|Win32
		{32C8FCD0-EF75-467B-947B-0C815E329129}.Debug|x64.ActiveCfg = Debug|x64
		{32C8FCD0-EF75-467B-947B-0C815E329129}.Debug|x64.Build.0 = Debug|x64
		{32C8FCD0-EF75-467B-947B-0C815E329129}.Debug|x86.ActiveCfg = Debug|Win32
		{32C8FCD0-EF75-467B-947B-0C815E329129}.Debug|x86.Build.0 = Debug|Win32
		{32C8FCD0-EF75-467B-947B-0C815E329129}.Release|x64.ActiveCfg = Release|x64
		{32C8FCD0-EF75-467B-947B-0C815E329129}.Release|x64.Build.0 = Release|x64
		{32C8FCD0-EF75-467B-947B-0C815E329129}.Release|x86.ActiveCfg = Release|Win32
		{32C8FCD0-EF75-467B-947B-0C815E329129}.Release|x86.Build.0 = Release|Win32
		{DCC8FD4C-4CFB-49FF-A7E5-51A56759E6A7}.Debug|x64.ActiveCfg = Debug|x64
		{DCC8FD4C-4CFB-49FF-A7E5-51A56759E6A7}.Debug|x64.Build.0 = Debug|x64
		{DCC8FD4C-4CFB-49FF-A7E5-51A56759E6A7}.Debug|x86.ActiveCfg = Debug|Win32
		{DCC8FD4C-4CFB-49FF-A7E5-51A56759E6A7}.Debug|x86.Build.0 = Debug|Win32
		{DCC8FD4C-4CFB-49FF-A7E5-51A56759E6A7}.Release|x64.ActiveCfg = Release|x64
		{DCC8FD4C-4CFB-49FF-A7E5-51A56759E6A7}.Release|x64.Build.0 = Release|x64
		{DCC8FD4C-4CFB-49FF-A7E5-51A56759E6A7}.Release|x86.ActiveCfg = Release|Win32
		{DCC8FD4C-4CFB-49FF-A7E5-51A56759E6A7}.Release|x86.Build.0 = Release|Win32
		{23456570-4627-4075-A2E9-E256182003B4}.Debug|x64.ActiveCfg = Debug|x64
		{23456570-4627-4075-A2E9-E256182003B4}.Debug|x64.Build.0 = Debug|x64
		{23456570-4627-4075-A2E9-E256182003B4}.Debug|x86.ActiveCfg = Debug|Win32
		{23456570-4627-4075-A2E9-E256182003B4}.Debug|x86.Build.0 = Debug|Win32
		{23456570-4627-4075-A2E9-E256182003B4}.Release|x64.ActiveCfg = Release|x64
		{23456570-4627-4075-A2E9-E256182003B4}.Release|x64.Build.0 = Release|x64
		{23456570-4627-4075-A2E9-E256182003B4}.Release|x86.ActiveCfg = Release|Win32
		{23456570-4627-4075-A2E9-E256182003B4}.Release|x86.Build.0 = Release|Win32
	EndGlobalSection
	GlobalSection(SolutionProperties) = preSolution
		HideSolutionNode = FALSE
	EndGlobalSection
	GlobalSection(ExtensibilityGlobals) = postSolution
		SolutionGuid = {E9DAA718-AB6E-4B83-8807-4BCA208AEAAB}
	EndGlobalSection
EndGlobal
